
Microsoft Visual Studio Solution File, Format Version 12.00
Project("{FAE04EC0-301F-11D3-BF4B-00C04F79EFBC}") = "Lab_1", "Lab_1\Lab_1.csproj", "{17EFD8DC-E708-4D38-AE6B-EDE3268A8710}"
EndProject
Project("{FAE04EC0-301F-11D3-BF4B-00C04F79EFBC}") = "Lab_2", "Lab_2\Lab_2.csproj", "{F836C9B7-DF7C-43FC-9934-CA88874E7A75}"
EndProject
Project("{FAE04EC0-301F-11D3-BF4B-00C04F79EFBC}") = "Lab_3", "Lab_3\Lab_3.csproj", "{5D4BB963-DB94-4FAD-B2CA-C78B52E8C8F9}"
EndProject
Project("{FAE04EC0-301F-11D3-BF4B-00C04F79EFBC}") = "Lab_4", "Lab_4\Lab_4.csproj", "{EA72FB7D-F223-4B4D-A475-208416969001}"
EndProject
Project("{FAE04EC0-301F-11D3-BF4B-00C04F79EFBC}") = "Lab_5", "Lab_5\Lab_5.csproj", "{3C9F450E-B09F-4383-B9EC-AA0ED3E594D3}"
EndProject
Project("{FAE04EC0-301F-11D3-BF4B-00C04F79EFBC}") = "Lab_6", "Lab_6\Lab_6.csproj", "{801C5E97-A7A3-41E9-BCDB-49CB38F8863A}"
EndProject
Global
	GlobalSection(SolutionConfigurationPlatforms) = preSolution
		Debug|Any CPU = Debug|Any CPU
		Release|Any CPU = Release|Any CPU
	EndGlobalSection
	GlobalSection(ProjectConfigurationPlatforms) = postSolution
		{17EFD8DC-E708-4D38-AE6B-EDE3268A8710}.Debug|Any CPU.ActiveCfg = Debug|Any CPU
		{17EFD8DC-E708-4D38-AE6B-EDE3268A8710}.Debug|Any CPU.Build.0 = Debug|Any CPU
		{17EFD8DC-E708-4D38-AE6B-EDE3268A8710}.Release|Any CPU.ActiveCfg = Release|Any CPU
		{17EFD8DC-E708-4D38-AE6B-EDE3268A8710}.Release|Any CPU.Build.0 = Release|Any CPU
		{F836C9B7-DF7C-43FC-9934-CA88874E7A75}.Debug|Any CPU.ActiveCfg = Debug|Any CPU
		{F836C9B7-DF7C-43FC-9934-CA88874E7A75}.Debug|Any CPU.Build.0 = Debug|Any CPU
		{F836C9B7-DF7C-43FC-9934-CA88874E7A75}.Release|Any CPU.ActiveCfg = Release|Any CPU
		{F836C9B7-DF7C-43FC-9934-CA88874E7A75}.Release|Any CPU.Build.0 = Release|Any CPU
		{5D4BB963-DB94-4FAD-B2CA-C78B52E8C8F9}.Debug|Any CPU.ActiveCfg = Debug|Any CPU
		{5D4BB963-DB94-4FAD-B2CA-C78B52E8C8F9}.Debug|Any CPU.Build.0 = Debug|Any CPU
		{5D4BB963-DB94-4FAD-B2CA-C78B52E8C8F9}.Release|Any CPU.ActiveCfg = Release|Any CPU
		{5D4BB963-DB94-4FAD-B2CA-C78B52E8C8F9}.Release|Any CPU.Build.0 = Release|Any CPU
		{EA72FB7D-F223-4B4D-A475-208416969001}.Debug|Any CPU.ActiveCfg = Debug|Any CPU
		{EA72FB7D-F223-4B4D-A475-208416969001}.Debug|Any CPU.Build.0 = Debug|Any CPU
		{EA72FB7D-F223-4B4D-A475-208416969001}.Release|Any CPU.ActiveCfg = Release|Any CPU
		{EA72FB7D-F223-4B4D-A475-208416969001}.Release|Any CPU.Build.0 = Release|Any CPU
		{3C9F450E-B09F-4383-B9EC-AA0ED3E594D3}.Debug|Any CPU.ActiveCfg = Debug|Any CPU
		{3C9F450E-B09F-4383-B9EC-AA0ED3E594D3}.Debug|Any CPU.Build.0 = Debug|Any CPU
		{3C9F450E-B09F-4383-B9EC-AA0ED3E594D3}.Release|Any CPU.ActiveCfg = Release|Any CPU
		{3C9F450E-B09F-4383-B9EC-AA0ED3E594D3}.Release|Any CPU.Build.0 = Release|Any CPU
		{801C5E97-A7A3-41E9-BCDB-49CB38F8863A}.Debug|Any CPU.ActiveCfg = Debug|Any CPU
		{801C5E97-A7A3-41E9-BCDB-49CB38F8863A}.Debug|Any CPU.Build.0 = Debug|Any CPU
		{801C5E97-A7A3-41E9-BCDB-49CB38F8863A}.Release|Any CPU.ActiveCfg = Release|Any CPU
		{801C5E97-A7A3-41E9-BCDB-49CB38F8863A}.Release|Any CPU.Build.0 = Release|Any CPU
	EndGlobalSection
EndGlobal
